{
  "name": "ralphy-cli",
  "version": "4.0.1",
  "lockfileVersion": 3,
  "requires": true,
  "packages": {
    "": {
      "name": "ralphy-cli",
      "version": "4.0.1",
      "license": "MIT",
      "dependencies": {
        "@octokit/rest": "^21.0.0",
        "awesome-slash": "^2.6.1",
        "commander": "^13.0.0",
        "nanospinner": "^1.2.0",
        "node-notifier": "^10.0.1",
        "picocolors": "^1.1.0",
        "simple-git": "^3.27.0",
        "yaml": "^2.7.0",
        "zod": "^3.24.0"
      },
      "bin": {
        "ralphy": "bin.js"
      },
      "devDependencies": {
        "@biomejs/biome": "^1.9.0",
        "@types/bun": "^1.1.0",
        "@types/node-notifier": "^8.0.5"
      },
      "engines": {
        "node": ">=18"
      }
    },
    "node_modules/@biomejs/biome": {
      "version": "1.9.4",
      "resolved": "https://registry.npmjs.org/@biomejs/biome/-/biome-1.9.4.tgz",
      "integrity": "sha512-1rkd7G70+o9KkTn5KLmDYXihGoTaIGO9PIIN2ZB7UJxFrWw04CZHPYiMRjYsaDvVV7hP1dYNRLxSANLaBFGpog==",
      "dev": true,
      "hasInstallScript": true,
      "license": "MIT OR Apache-2.0",
      "bin": {
        "biome": "bin/biome"
      },
      "engines": {
        "node": ">=14.21.3"
      },
      "funding": {
        "type": "opencollective",
        "url": "https://opencollective.com/biome"
      },
      "optionalDependencies": {
        "@biomejs/cli-darwin-arm64": "1.9.4",
        "@biomejs/cli-darwin-x64": "1.9.4",
        "@biomejs/cli-linux-arm64": "1.9.4",
        "@biomejs/cli-linux-arm64-musl": "1.9.4",
        "@biomejs/cli-linux-x64": "1.9.4",
        "@biomejs/cli-linux-x64-musl": "1.9.4",
        "@biomejs/cli-win32-arm64": "1.9.4",
        "@biomejs/cli-win32-x64": "1.9.4"
      }
    },
    "node_modules/@biomejs/cli-darwin-arm64": {
      "version": "1.9.4",
      "resolved": "https://registry.npmjs.org/@biomejs/cli-darwin-arm64/-/cli-darwin-arm64-1.9.4.tgz",
      "integrity": "sha512-bFBsPWrNvkdKrNCYeAp+xo2HecOGPAy9WyNyB/jKnnedgzl4W4Hb9ZMzYNbf8dMCGmUdSavlYHiR01QaYR58cw==",
      "cpu": [
        "arm64"
      ],
      "dev": true,
      "license": "MIT OR Apache-2.0",
      "optional": true,
      "os": [
        "darwin"
      ],
      "engines": {
        "node": ">=14.21.3"
      }
    },
    "node_modules/@biomejs/cli-darwin-x64": {
      "version": "1.9.4",
      "resolved": "https://registry.npmjs.org/@biomejs/cli-darwin-x64/-/cli-darwin-x64-1.9.4.tgz",
      "integrity": "sha512-ngYBh/+bEedqkSevPVhLP4QfVPCpb+4BBe2p7Xs32dBgs7rh9nY2AIYUL6BgLw1JVXV8GlpKmb/hNiuIxfPfZg==",
      "cpu": [
        "x64"
      ],
      "dev": true,
      "license": "MIT OR Apache-2.0",
      "optional": true,
      "os": [
        "darwin"
      ],
      "engines": {
        "node": ">=14.21.3"
      }
    },
    "node_modules/@biomejs/cli-linux-arm64": {
      "version": "1.9.4",
      "resolved": "https://registry.npmjs.org/@biomejs/cli-linux-arm64/-/cli-linux-arm64-1.9.4.tgz",
      "integrity": "sha512-fJIW0+LYujdjUgJJuwesP4EjIBl/N/TcOX3IvIHJQNsAqvV2CHIogsmA94BPG6jZATS4Hi+xv4SkBBQSt1N4/g==",
      "cpu": [
        "arm64"
      ],
      "dev": true,
      "license": "MIT OR Apache-2.0",
      "optional": true,
      "os": [
        "linux"
      ],
      "engines": {
        "node": ">=14.21.3"
      }
    },
    "node_modules/@biomejs/cli-linux-arm64-musl": {
      "version": "1.9.4",
      "resolved": "https://registry.npmjs.org/@biomejs/cli-linux-arm64-musl/-/cli-linux-arm64-musl-1.9.4.tgz",
      "integrity": "sha512-v665Ct9WCRjGa8+kTr0CzApU0+XXtRgwmzIf1SeKSGAv+2scAlW6JR5PMFo6FzqqZ64Po79cKODKf3/AAmECqA==",
      "cpu": [
        "arm64"
      ],
      "dev": true,
      "license": "MIT OR Apache-2.0",
      "optional": true,
      "os": [
        "linux"
      ],
      "engines": {
        "node": ">=14.21.3"
      }
    },
    "node_modules/@biomejs/cli-linux-x64": {
      "version": "1.9.4",
      "resolved": "https://registry.npmjs.org/@biomejs/cli-linux-x64/-/cli-linux-x64-1.9.4.tgz",
      "integrity": "sha512-lRCJv/Vi3Vlwmbd6K+oQ0KhLHMAysN8lXoCI7XeHlxaajk06u7G+UsFSO01NAs5iYuWKmVZjmiOzJ0OJmGsMwg==",
      "cpu": [
        "x64"
      ],
      "dev": true,
      "license": "MIT OR Apache-2.0",
      "optional": true,
      "os": [
        "linux"
      ],
      "engines": {
        "node": ">=14.21.3"
      }
    },
    "node_modules/@biomejs/cli-linux-x64-musl": {
      "version": "1.9.4",
      "resolved": "https://registry.npmjs.org/@biomejs/cli-linux-x64-musl/-/cli-linux-x64-musl-1.9.4.tgz",
      "integrity": "sha512-gEhi/jSBhZ2m6wjV530Yy8+fNqG8PAinM3oV7CyO+6c3CEh16Eizm21uHVsyVBEB6RIM8JHIl6AGYCv6Q6Q9Tg==",
      "cpu": [
        "x64"
      ],
      "dev": true,
      "license": "MIT OR Apache-2.0",
      "optional": true,
      "os": [
        "linux"
      ],
      "engines": {
        "node": ">=14.21.3"
      }
    },
    "node_modules/@biomejs/cli-win32-arm64": {
      "version": "1.9.4",
      "resolved": "https://registry.npmjs.org/@biomejs/cli-win32-arm64/-/cli-win32-arm64-1.9.4.tgz",
      "integrity": "sha512-tlbhLk+WXZmgwoIKwHIHEBZUwxml7bRJgk0X2sPyNR3S93cdRq6XulAZRQJ17FYGGzWne0fgrXBKpl7l4M87Hg==",
      "cpu": [
        "arm64"
      ],
      "dev": true,
      "license": "MIT OR Apache-2.0",
      "optional": true,
      "os": [
        "win32"
      ],
      "engines": {
        "node": ">=14.21.3"
      }
    },
    "node_modules/@biomejs/cli-win32-x64": {
      "version": "1.9.4",
      "resolved": "https://registry.npmjs.org/@biomejs/cli-win32-x64/-/cli-win32-x64-1.9.4.tgz",
      "integrity": "sha512-8Y5wMhVIPaWe6jw2H+KlEm4wP/f7EW3810ZLmDlrEEy5KvBsb9ECEfu/kMWD484ijfQ8+nIi0giMgu9g1UAuuA==",
      "cpu": [
        "x64"
      ],
      "dev": true,
      "license": "MIT OR Apache-2.0",
      "optional": true,
      "os": [
        "win32"
      ],
      "engines": {
        "node": ">=14.21.3"
      }
    },
    "node_modules/@kwsites/file-exists": {
      "version": "1.1.1",
      "resolved": "https://registry.npmjs.org/@kwsites/file-exists/-/file-exists-1.1.1.tgz",
      "integrity": "sha512-m9/5YGR18lIwxSFDwfE3oA7bWuq9kdau6ugN4H2rJeyhFQZcG9AgSHkQtSD15a8WvTgfz9aikZMrKPHvbpqFiw==",
      "license": "MIT",
      "dependencies": {
        "debug": "^4.1.1"
      }
    },
    "node_modules/@kwsites/promise-deferred": {
      "version": "1.1.1",
      "resolved": "https://registry.npmjs.org/@kwsites/promise-deferred/-/promise-deferred-1.1.1.tgz",
      "integrity": "sha512-GaHYm+c0O9MjZRu0ongGBRbinu8gVAMd2UZjji6jVmqKtZluZnptXGWhz1E8j8D2HJ3f/yMxKAUC0b+57wncIw==",
      "license": "MIT"
    },
    "node_modules/@octokit/auth-token": {
      "version": "5.1.2",
      "resolved": "https://registry.npmjs.org/@octokit/auth-token/-/auth-token-5.1.2.tgz",
      "integrity": "sha512-JcQDsBdg49Yky2w2ld20IHAlwr8d/d8N6NiOXbtuoPCqzbsiJgF633mVUw3x4mo0H5ypataQIX7SFu3yy44Mpw==",
      "license": "MIT",
      "engines": {
        "node": ">= 18"
      }
    },
    "node_modules/@octokit/core": {
      "version": "6.1.6",
      "resolved": "https://registry.npmjs.org/@octokit/core/-/core-6.1.6.tgz",
      "integrity": "sha512-kIU8SLQkYWGp3pVKiYzA5OSaNF5EE03P/R8zEmmrG6XwOg5oBjXyQVVIauQ0dgau4zYhpZEhJrvIYt6oM+zZZA==",
      "license": "MIT",
      "dependencies": {
        "@octokit/auth-token": "^5.0.0",
        "@octokit/graphql": "^8.2.2",
        "@octokit/request": "^9.2.3",
        "@octokit/request-error": "^6.1.8",
        "@octokit/types": "^14.0.0",
        "before-after-hook": "^3.0.2",
        "universal-user-agent": "^7.0.0"
      },
      "engines": {
        "node": ">= 18"
      }
    },
    "node_modules/@octokit/endpoint": {
      "version": "10.1.4",
      "resolved": "https://registry.npmjs.org/@octokit/endpoint/-/endpoint-10.1.4.tgz",
      "integrity": "sha512-OlYOlZIsfEVZm5HCSR8aSg02T2lbUWOsCQoPKfTXJwDzcHQBrVBGdGXb89dv2Kw2ToZaRtudp8O3ZIYoaOjKlA==",
      "license": "MIT",
      "dependencies": {
        "@octokit/types": "^14.0.0",
        "universal-user-agent": "^7.0.2"
      },
      "engines": {
        "node": ">= 18"
      }
    },
    "node_modules/@octokit/graphql": {
      "version": "8.2.2",
      "resolved": "https://registry.npmjs.org/@octokit/graphql/-/graphql-8.2.2.tgz",
      "integrity": "sha512-Yi8hcoqsrXGdt0yObxbebHXFOiUA+2v3n53epuOg1QUgOB6c4XzvisBNVXJSl8RYA5KrDuSL2yq9Qmqe5N0ryA==",
      "license": "MIT",
      "dependencies": {
        "@octokit/request": "^9.2.3",
        "@octokit/types": "^14.0.0",
        "universal-user-agent": "^7.0.0"
      },
      "engines": {
        "node": ">= 18"
      }
    },
    "node_modules/@octokit/openapi-types": {
      "version": "25.1.0",
      "resolved": "https://registry.npmjs.org/@octokit/openapi-types/-/openapi-types-25.1.0.tgz",
      "integrity": "sha512-idsIggNXUKkk0+BExUn1dQ92sfysJrje03Q0bv0e+KPLrvyqZF8MnBpFz8UNfYDwB3Ie7Z0TByjWfzxt7vseaA==",
      "license": "MIT"
    },
    "node_modules/@octokit/plugin-paginate-rest": {
      "version": "11.6.0",
      "resolved": "https://registry.npmjs.org/@octokit/plugin-paginate-rest/-/plugin-paginate-rest-11.6.0.tgz",
      "integrity": "sha512-n5KPteiF7pWKgBIBJSk8qzoZWcUkza2O6A0za97pMGVrGfPdltxrfmfF5GucHYvHGZD8BdaZmmHGz5cX/3gdpw==",
      "license": "MIT",
      "dependencies": {
        "@octokit/types": "^13.10.0"
      },
      "engines": {
        "node": ">= 18"
      },
      "peerDependencies": {
        "@octokit/core": ">=6"
      }
    },
    "node_modules/@octokit/plugin-paginate-rest/node_modules/@octokit/openapi-types": {
      "version": "24.2.0",
      "resolved": "https://registry.npmjs.org/@octokit/openapi-types/-/openapi-types-24.2.0.tgz",
      "integrity": "sha512-9sIH3nSUttelJSXUrmGzl7QUBFul0/mB8HRYl3fOlgHbIWG+WnYDXU3v/2zMtAvuzZ/ed00Ei6on975FhBfzrg==",
      "license": "MIT"
    },
    "node_modules/@octokit/plugin-paginate-rest/node_modules/@octokit/types": {
      "version": "13.10.0",
      "resolved": "https://registry.npmjs.org/@octokit/types/-/types-13.10.0.tgz",
      "integrity": "sha512-ifLaO34EbbPj0Xgro4G5lP5asESjwHracYJvVaPIyXMuiuXLlhic3S47cBdTb+jfODkTE5YtGCLt3Ay3+J97sA==",
      "license": "MIT",
      "dependencies": {
        "@octokit/openapi-types": "^24.2.0"
      }
    },
    "node_modules/@octokit/plugin-request-log": {
      "version": "5.3.1",
      "resolved": "https://registry.npmjs.org/@octokit/plugin-request-log/-/plugin-request-log-5.3.1.tgz",
      "integrity": "sha512-n/lNeCtq+9ofhC15xzmJCNKP2BWTv8Ih2TTy+jatNCCq/gQP/V7rK3fjIfuz0pDWDALO/o/4QY4hyOF6TQQFUw==",
      "license": "MIT",
      "engines": {
        "node": ">= 18"
      },
      "peerDependencies": {
        "@octokit/core": ">=6"
      }
    },
    "node_modules/@octokit/plugin-rest-endpoint-methods": {
      "version": "13.5.0",
      "resolved": "https://registry.npmjs.org/@octokit/plugin-rest-endpoint-methods/-/plugin-rest-endpoint-methods-13.5.0.tgz",
      "integrity": "sha512-9Pas60Iv9ejO3WlAX3maE1+38c5nqbJXV5GrncEfkndIpZrJ/WPMRd2xYDcPPEt5yzpxcjw9fWNoPhsSGzqKqw==",
      "license": "MIT",
      "dependencies": {
        "@octokit/types": "^13.10.0"
      },
      "engines": {
        "node": ">= 18"
      },
      "peerDependencies": {
        "@octokit/core": ">=6"
      }
    },
    "node_modules/@octokit/plugin-rest-endpoint-methods/node_modules/@octokit/openapi-types": {
      "version": "24.2.0",
      "resolved": "https://registry.npmjs.org/@octokit/openapi-types/-/openapi-types-24.2.0.tgz",
      "integrity": "sha512-9sIH3nSUttelJSXUrmGzl7QUBFul0/mB8HRYl3fOlgHbIWG+WnYDXU3v/2zMtAvuzZ/ed00Ei6on975FhBfzrg==",
      "license": "MIT"
    },
    "node_modules/@octokit/plugin-rest-endpoint-methods/node_modules/@octokit/types": {
      "version": "13.10.0",
      "resolved": "https://registry.npmjs.org/@octokit/types/-/types-13.10.0.tgz",
      "integrity": "sha512-ifLaO34EbbPj0Xgro4G5lP5asESjwHracYJvVaPIyXMuiuXLlhic3S47cBdTb+jfODkTE5YtGCLt3Ay3+J97sA==",
      "license": "MIT",
      "dependencies": {
        "@octokit/openapi-types": "^24.2.0"
      }
    },
    "node_modules/@octokit/request": {
      "version": "9.2.4",
      "resolved": "https://registry.npmjs.org/@octokit/request/-/request-9.2.4.tgz",
      "integrity": "sha512-q8ybdytBmxa6KogWlNa818r0k1wlqzNC+yNkcQDECHvQo8Vmstrg18JwqJHdJdUiHD2sjlwBgSm9kHkOKe2iyA==",
      "license": "MIT",
      "dependencies": {
        "@octokit/endpoint": "^10.1.4",
        "@octokit/request-error": "^6.1.8",
        "@octokit/types": "^14.0.0",
        "fast-content-type-parse": "^2.0.0",
        "universal-user-agent": "^7.0.2"
      },
      "engines": {
        "node": ">= 18"
      }
    },
    "node_modules/@octokit/request-error": {
      "version": "6.1.8",
      "resolved": "https://registry.npmjs.org/@octokit/request-error/-/request-error-6.1.8.tgz",
      "integrity": "sha512-WEi/R0Jmq+IJKydWlKDmryPcmdYSVjL3ekaiEL1L9eo1sUnqMJ+grqmC9cjk7CA7+b2/T397tO5d8YLOH3qYpQ==",
      "license": "MIT",
      "dependencies": {
        "@octokit/types": "^14.0.0"
      },
      "engines": {
        "node": ">= 18"
      }
    },
    "node_modules/@octokit/rest": {
      "version": "21.1.1",
      "resolved": "https://registry.npmjs.org/@octokit/rest/-/rest-21.1.1.tgz",
      "integrity": "sha512-sTQV7va0IUVZcntzy1q3QqPm/r8rWtDCqpRAmb8eXXnKkjoQEtFe3Nt5GTVsHft+R6jJoHeSiVLcgcvhtue/rg==",
      "license": "MIT",
      "dependencies": {
        "@octokit/core": "^6.1.4",
        "@octokit/plugin-paginate-rest": "^11.4.2",
        "@octokit/plugin-request-log": "^5.3.1",
        "@octokit/plugin-rest-endpoint-methods": "^13.3.0"
      },
      "engines": {
        "node": ">= 18"
      }
    },
    "node_modules/@octokit/types": {
      "version": "14.1.0",
      "resolved": "https://registry.npmjs.org/@octokit/types/-/types-14.1.0.tgz",
      "integrity": "sha512-1y6DgTy8Jomcpu33N+p5w58l6xyt55Ar2I91RPiIA0xCJBXyUAhXCcmZaDWSANiha7R9a6qJJ2CRomGPZ6f46g==",
      "license": "MIT",
      "dependencies": {
        "@octokit/openapi-types": "^25.1.0"
      }
    },
    "node_modules/@types/bun": {
      "version": "1.3.6",
      "resolved": "https://registry.npmjs.org/@types/bun/-/bun-1.3.6.tgz",
      "integrity": "sha512-uWCv6FO/8LcpREhenN1d1b6fcspAB+cefwD7uti8C8VffIv0Um08TKMn98FynpTiU38+y2dUO55T11NgDt8VAA==",
      "dev": true,
      "license": "MIT",
      "dependencies": {
        "bun-types": "1.3.6"
      }
    },
    "node_modules/@types/node": {
      "version": "25.0.9",
      "resolved": "https://registry.npmjs.org/@types/node/-/node-25.0.9.tgz",
      "integrity": "sha512-/rpCXHlCWeqClNBwUhDcusJxXYDjZTyE8v5oTO7WbL8eij2nKhUeU89/6xgjU7N4/Vh3He0BtyhJdQbDyhiXAw==",
      "dev": true,
      "license": "MIT",
      "dependencies": {
        "undici-types": "~7.16.0"
      }
    },
    "node_modules/@types/node-notifier": {
      "version": "8.0.5",
      "resolved": "https://registry.npmjs.org/@types/node-notifier/-/node-notifier-8.0.5.tgz",
      "integrity": "sha512-LX7+8MtTsv6szumAp6WOy87nqMEdGhhry/Qfprjm1Ma6REjVzeF7SCyvPtp5RaF6IkXCS9V4ra8g5fwvf2ZAYg==",
      "dev": true,
      "license": "MIT",
      "dependencies": {
        "@types/node": "*"
      }
    },
    "node_modules/argparse": {
      "version": "2.0.1",
      "resolved": "https://registry.npmjs.org/argparse/-/argparse-2.0.1.tgz",
      "integrity": "sha512-8+9WqebbFzpX9OR+Wa6O29asIogeRMzcGtAINdpMHHyAg10f05aSFVBbcEqGf/PXw1EjAZ+q2/bEBg3DvurK3Q==",
      "license": "Python-2.0"
    },
    "node_modules/awesome-slash": {
      "version": "2.6.1",
      "resolved": "https://registry.npmjs.org/awesome-slash/-/awesome-slash-2.6.1.tgz",
      "integrity": "sha512-Xzp6/dQxgh9RSltpPCCt4PXMfNEqq4nLmw44JQLTd09KXkhQmzezgeqN9TE57mZQexwQmD6XmZw27f5nLYB1YA==",
      "license": "MIT",
      "dependencies": {
        "js-yaml": "^4.1.1"
      },
      "bin": {
        "awesome-slash": "bin/cli.js"
      },
      "engines": {
        "node": ">=18.0.0"
      }
    },
    "node_modules/before-after-hook": {
      "version": "3.0.2",
      "resolved": "https://registry.npmjs.org/before-after-hook/-/before-after-hook-3.0.2.tgz",
      "integrity": "sha512-Nik3Sc0ncrMK4UUdXQmAnRtzmNQTAAXmXIopizwZ1W1t8QmfJj+zL4OA2I7XPTPW5z5TDqv4hRo/JzouDJnX3A==",
      "license": "Apache-2.0"
    },
    "node_modules/bun-types": {
      "version": "1.3.6",
      "resolved": "https://registry.npmjs.org/bun-types/-/bun-types-1.3.6.tgz",
      "integrity": "sha512-OlFwHcnNV99r//9v5IIOgQ9Uk37gZqrNMCcqEaExdkVq3Avwqok1bJFmvGMCkCE0FqzdY8VMOZpfpR3lwI+CsQ==",
      "dev": true,
      "license": "MIT",
      "dependencies": {
        "@types/node": "*"
      }
    },
    "node_modules/commander": {
      "version": "13.1.0",
      "resolved": "https://registry.npmjs.org/commander/-/commander-13.1.0.tgz",
      "integrity": "sha512-/rFeCpNJQbhSZjGVwO9RFV3xPqbnERS8MmIQzCtD/zl6gpJuV/bMLuN92oG3F7d8oDEHHRrujSXNUr8fpjntKw==",
      "license": "MIT",
      "engines": {
        "node": ">=18"
      }
    },
    "node_modules/debug": {
      "version": "4.4.3",
      "resolved": "https://registry.npmjs.org/debug/-/debug-4.4.3.tgz",
      "integrity": "sha512-RGwwWnwQvkVfavKVt22FGLw+xYSdzARwm0ru6DhTVA3umU5hZc28V3kO4stgYryrTlLpuvgI9GiijltAjNbcqA==",
      "license": "MIT",
      "dependencies": {
        "ms": "^2.1.3"
      },
      "engines": {
        "node": ">=6.0"
      },
      "peerDependenciesMeta": {
        "supports-color": {
          "optional": true
        }
      }
    },
    "node_modules/fast-content-type-parse": {
      "version": "2.0.1",
      "resolved": "https://registry.npmjs.org/fast-content-type-parse/-/fast-content-type-parse-2.0.1.tgz",
      "integrity": "sha512-nGqtvLrj5w0naR6tDPfB4cUmYCqouzyQiz6C5y/LtcDllJdrcc6WaWW6iXyIIOErTa/XRybj28aasdn4LkVk6Q==",
      "funding": [
        {
          "type": "github",
          "url": "https://github.com/sponsors/fastify"
        },
        {
          "type": "opencollective",
          "url": "https://opencollective.com/fastify"
        }
      ],
      "license": "MIT"
    },
    "node_modules/growly": {
      "version": "1.3.0",
      "resolved": "https://registry.npmjs.org/growly/-/growly-1.3.0.tgz",
      "integrity": "sha512-+xGQY0YyAWCnqy7Cd++hc2JqMYzlm0dG30Jd0beaA64sROr8C4nt8Yc9V5Ro3avlSUDTN0ulqP/VBKi1/lLygw==",
      "license": "MIT"
    },
    "node_modules/is-docker": {
      "version": "2.2.1",
      "resolved": "https://registry.npmjs.org/is-docker/-/is-docker-2.2.1.tgz",
      "integrity": "sha512-F+i2BKsFrH66iaUFc0woD8sLy8getkwTwtOBjvs56Cx4CgJDeKQeqfz8wAYiSb8JOprWhHH5p77PbmYCvvUuXQ==",
      "license": "MIT",
      "bin": {
        "is-docker": "cli.js"
      },
      "engines": {
        "node": ">=8"
      },
      "funding": {
        "url": "https://github.com/sponsors/sindresorhus"
      }
    },
    "node_modules/is-wsl": {
      "version": "2.2.0",
      "resolved": "https://registry.npmjs.org/is-wsl/-/is-wsl-2.2.0.tgz",
      "integrity": "sha512-fKzAra0rGJUUBwGBgNkHZuToZcn+TtXHpeCgmkMJMMYx1sQDYaCSyjJBSCa2nH1DGm7s3n1oBnohoVTBaN7Lww==",
      "license": "MIT",
      "dependencies": {
        "is-docker": "^2.0.0"
      },
      "engines": {
        "node": ">=8"
      }
    },
    "node_modules/isexe": {
      "version": "2.0.0",
      "resolved": "https://registry.npmjs.org/isexe/-/isexe-2.0.0.tgz",
      "integrity": "sha512-RHxMLp9lnKHGHRng9QFhRCMbYAcVpn69smSGcq3f36xjgVVWThj4qqLbTLlq7Ssj8B+fIQ1EuCEGI2lKsyQeIw==",
      "license": "ISC"
    },
    "node_modules/js-yaml": {
      "version": "4.1.1",
      "resolved": "https://registry.npmjs.org/js-yaml/-/js-yaml-4.1.1.tgz",
      "integrity": "sha512-qQKT4zQxXl8lLwBtHMWwaTcGfFOZviOJet3Oy/xmGk2gZH677CJM9EvtfdSkgWcATZhj/55JZ0rmy3myCT5lsA==",
      "license": "MIT",
      "dependencies": {
        "argparse": "^2.0.1"
      },
      "bin": {
        "js-yaml": "bin/js-yaml.js"
      }
    },
    "node_modules/ms": {
      "version": "2.1.3",
      "resolved": "https://registry.npmjs.org/ms/-/ms-2.1.3.tgz",
      "integrity": "sha512-6FlzubTLZG3J2a/NVCAleEhjzq5oxgHyaCU9yYXvcLsvoVaHJq/s5xXI6/XXP6tz7R9xAOtHnSO/tXtF3WRTlA==",
      "license": "MIT"
    },
    "node_modules/nanospinner": {
      "version": "1.2.2",
      "resolved": "https://registry.npmjs.org/nanospinner/-/nanospinner-1.2.2.tgz",
      "integrity": "sha512-Zt/AmG6qRU3e+WnzGGLuMCEAO/dAu45stNbHY223tUxldaDAeE+FxSPsd9Q+j+paejmm0ZbrNVs5Sraqy3dRxA==",
      "license": "MIT",
      "dependencies": {
        "picocolors": "^1.1.1"
      }
    },
    "node_modules/node-notifier": {
      "version": "10.0.1",
      "resolved": "https://registry.npmjs.org/node-notifier/-/node-notifier-10.0.1.tgz",
      "integrity": "sha512-YX7TSyDukOZ0g+gmzjB6abKu+hTGvO8+8+gIFDsRCU2t8fLV/P2unmt+LGFaIa4y64aX98Qksa97rgz4vMNeLQ==",
      "license": "MIT",
      "dependencies": {
        "growly": "^1.3.0",
        "is-wsl": "^2.2.0",
        "semver": "^7.3.5",
        "shellwords": "^0.1.1",
        "uuid": "^8.3.2",
        "which": "^2.0.2"
      }
    },
    "node_modules/picocolors": {
      "version": "1.1.1",
      "resolved": "https://registry.npmjs.org/picocolors/-/picocolors-1.1.1.tgz",
      "integrity": "sha512-xceH2snhtb5M9liqDsmEw56le376mTZkEX/jEb/RxNFyegNul7eNslCXP9FDj/Lcu0X8KEyMceP2ntpaHrDEVA==",
      "license": "ISC"
    },
    "node_modules/semver": {
      "version": "7.7.3",
      "resolved": "https://registry.npmjs.org/semver/-/semver-7.7.3.tgz",
      "integrity": "sha512-SdsKMrI9TdgjdweUSR9MweHA4EJ8YxHn8DFaDisvhVlUOe4BF1tLD7GAj0lIqWVl+dPb/rExr0Btby5loQm20Q==",
      "license": "ISC",
      "bin": {
        "semver": "bin/semver.js"
      },
      "engines": {
        "node": ">=10"
      }
    },
    "node_modules/shellwords": {
      "version": "0.1.1",
      "resolved": "https://registry.npmjs.org/shellwords/-/shellwords-0.1.1.tgz",
      "integrity": "sha512-vFwSUfQvqybiICwZY5+DAWIPLKsWO31Q91JSKl3UYv+K5c2QRPzn0qzec6QPu1Qc9eHYItiP3NdJqNVqetYAww==",
      "license": "MIT"
    },
    "node_modules/simple-git": {
      "version": "3.30.0",
      "resolved": "https://registry.npmjs.org/simple-git/-/simple-git-3.30.0.tgz",
      "integrity": "sha512-q6lxyDsCmEal/MEGhP1aVyQ3oxnagGlBDOVSIB4XUVLl1iZh0Pah6ebC9V4xBap/RfgP2WlI8EKs0WS0rMEJHg==",
      "license": "MIT",
      "dependencies": {
        "@kwsites/file-exists": "^1.1.1",
        "@kwsites/promise-deferred": "^1.1.1",
        "debug": "^4.4.0"
      },
      "funding": {
        "type": "github",
        "url": "https://github.com/steveukx/git-js?sponsor=1"
      }
    },
    "node_modules/undici-types": {
      "version": "7.16.0",
      "resolved": "https://registry.npmjs.org/undici-types/-/undici-types-7.16.0.tgz",
      "integrity": "sha512-Zz+aZWSj8LE6zoxD+xrjh4VfkIG8Ya6LvYkZqtUQGJPZjYl53ypCaUwWqo7eI0x66KBGeRo+mlBEkMSeSZ38Nw==",
      "dev": true,
      "license": "MIT"
    },
    "node_modules/universal-user-agent": {
      "version": "7.0.3",
      "resolved": "https://registry.npmjs.org/universal-user-agent/-/universal-user-agent-7.0.3.tgz",
      "integrity": "sha512-TmnEAEAsBJVZM/AADELsK76llnwcf9vMKuPz8JflO1frO8Lchitr0fNaN9d+Ap0BjKtqWqd/J17qeDnXh8CL2A==",
      "license": "ISC"
    },
    "node_modules/uuid": {
      "version": "8.3.2",
      "resolved": "https://registry.npmjs.org/uuid/-/uuid-8.3.2.tgz",
      "integrity": "sha512-+NYs2QeMWy+GWFOEm9xnn6HCDp0l7QBD7ml8zLUmJ+93Q5NF0NocErnwkTkXVFNiX3/fpC6afS8Dhb/gz7R7eg==",
      "license": "MIT",
      "bin": {
        "uuid": "dist/bin/uuid"
      }
    },
    "node_modules/which": {
      "version": "2.0.2",
      "resolved": "https://registry.npmjs.org/which/-/which-2.0.2.tgz",
      "integrity": "sha512-BLI3Tl1TW3Pvl70l3yq3Y64i+awpwXqsGBYWkkqMtnbXgrMD+yj7rhW0kuEDxzJaYXGjEW5ogapKNMEKNMjibA==",
      "license": "ISC",
      "dependencies": {
        "isexe": "^2.0.0"
      },
      "bin": {
        "node-which": "bin/node-which"
      },
      "engines": {
        "node": ">= 8"
      }
    },
    "node_modules/yaml": {
      "version": "2.8.2",
      "resolved": "https://registry.npmjs.org/yaml/-/yaml-2.8.2.tgz",
      "integrity": "sha512-mplynKqc1C2hTVYxd0PU2xQAc22TI1vShAYGksCCfxbn/dFwnHTNi1bvYsBTkhdUNtGIf5xNOg938rrSSYvS9A==",
      "license": "ISC",
      "bin": {
        "yaml": "bin.mjs"
      },
      "engines": {
        "node": ">= 14.6"
      },
      "funding": {
        "url": "https://github.com/sponsors/eemeli"
      }
    },
    "node_modules/zod": {
      "version": "3.25.76",
      "resolved": "https://registry.npmjs.org/zod/-/zod-3.25.76.tgz",
      "integrity": "sha512-gzUt/qt81nXsFGKIFcC3YnfEAx5NkunCfnDlvuBSSFS02bcXu4Lmea0AFIUwbLWxWPx3d9p8S5QoaujKcNQxcQ==",
      "license": "MIT",
      "funding": {
        "url": "https://github.com/sponsors/colinhacks"
      }
    }
  }
}
